
Microsoft Visual Studio Solution File, Format Version 12.00
# Visual Studio Version 16
VisualStudioVersion = 16.0.30907.101
MinimumVisualStudioVersion = 10.0.40219.1
Project("{FAE04EC0-301F-11D3-BF4B-00C04F79EFBC}") = "DecoratorParttern", "DecoratorParttern\DecoratorParttern.csproj", "{101AFFB3-95FD-4FBC-B370-360EA43C6E89}"
EndProject
Global
	GlobalSection(SolutionConfigurationPlatforms) = preSolution
		Debug|Any CPU = Debug|Any CPU
		Release|Any CPU = Release|Any CPU
	EndGlobalSection
	GlobalSection(ProjectConfigurationPlatforms) = postSolution
		{101AFFB3-95FD-4FBC-B370-360EA43C6E89}.Debug|Any CPU.ActiveCfg = Debug|Any CPU
		{101AFFB3-95FD-4FBC-B370-360EA43C6E89}.Debug|Any CPU.Build.0 = Debug|Any CPU
		{101AFFB3-95FD-4FBC-B370-360EA43C6E89}.Release|Any CPU.ActiveCfg = Release|Any CPU
		{101AFFB3-95FD-4FBC-B370-360EA43C6E89}.Release|Any CPU.Build.0 = Release|Any CPU
	EndGlobalSection
	GlobalSection(SolutionProperties) = preSolution
		HideSolutionNode = FALSE
	EndGlobalSection
	GlobalSection(ExtensibilityGlobals) = postSolution
		SolutionGuid = {632B60A5-DB3F-4584-81BE-025BE6029B02}
	EndGlobalSection
EndGlobal
